// !$*UTF8*$!
{
	archiveVersion = 1;
	classes = {
	};
	objectVersion = 50;
	objects = {

/* Begin PBXBuildFile section */
		4183E0E7236925B100B3AF81 /* AppDelegate.swift in Sources */ = {isa = PBXBuildFile; fileRef = 4183E0E6236925B100B3AF81 /* AppDelegate.swift */; };
		4183E0E9236925B100B3AF81 /* SceneDelegate.swift in Sources */ = {isa = PBXBuildFile; fileRef = 4183E0E8236925B100B3AF81 /* SceneDelegate.swift */; };
		4183E0EB236925B100B3AF81 /* ViewController.swift in Sources */ = {isa = PBXBuildFile; fileRef = 4183E0EA236925B100B3AF81 /* ViewController.swift */; };
		4183E0EE236925B100B3AF81 /* Main.storyboard in Resources */ = {isa = PBXBuildFile; fileRef = 4183E0EC236925B100B3AF81 /* Main.storyboard */; };
		4183E0F0236925B300B3AF81 /* Assets.xcassets in Resources */ = {isa = PBXBuildFile; fileRef = 4183E0EF236925B300B3AF81 /* Assets.xcassets */; };
		4183E0F3236925B300B3AF81 /* LaunchScreen.storyboard in Resources */ = {isa = PBXBuildFile; fileRef = 4183E0F1236925B300B3AF81 /* LaunchScreen.storyboard */; };
		4183E0FE236925B300B3AF81 /* ScaleLikeButtonTests.swift in Sources */ = {isa = PBXBuildFile; fileRef = 4183E0FD236925B300B3AF81 /* ScaleLikeButtonTests.swift */; };
		4183E109236925B300B3AF81 /* ScaleLikeButtonUITests.swift in Sources */ = {isa = PBXBuildFile; fileRef = 4183E108236925B300B3AF81 /* ScaleLikeButtonUITests.swift */; };
		4183E117236939E800B3AF81 /* UIView+Animation.swift in Sources */ = {isa = PBXBuildFile; fileRef = 4183E116236939E800B3AF81 /* UIView+Animation.swift */; };
/* End PBXBuildFile section */

/* Begin PBXContainerItemProxy section */
		4183E0FA236925B300B3AF81 /* PBXContainerItemProxy */ = {
			isa = PBXContainerItemProxy;
			containerPortal = 4183E0DB236925B100B3AF81 /* Project object */;
			proxyType = 1;
			remoteGlobalIDString = 4183E0E2236925B100B3AF81;
			remoteInfo = ScaleLikeButton;
		};
		4183E105236925B300B3AF81 /* PBXContainerItemProxy */ = {
			isa = PBXContainerItemProxy;
			containerPortal = 4183E0DB236925B100B3AF81 /* Project object */;
			proxyType = 1;
			remoteGlobalIDString = 4183E0E2236925B100B3AF81;
			remoteInfo = ScaleLikeButton;
		};
/* End PBXContainerItemProxy section */

/* Begin PBXFileReference section */
		4183E0E3236925B100B3AF81 /* ScaleLikeButton.app */ = {isa = PBXFileReference; explicitFileType = wrapper.application; includeInIndex = 0; path = ScaleLikeButton.app; sourceTree = BUILT_PRODUCTS_DIR; };
		4183E0E6236925B100B3AF81 /* AppDelegate.swift */ = {isa = PBXFileReference; lastKnownFileType = sourcecode.swift; path = AppDelegate.swift; sourceTree = "<group>"; };
		4183E0E8236925B100B3AF81 /* SceneDelegate.swift */ = {isa = PBXFileReference; lastKnownFileType = sourcecode.swift; path = SceneDelegate.swift; sourceTree = "<group>"; };
		4183E0EA236925B100B3AF81 /* ViewController.swift */ = {isa = PBXFileReference; lastKnownFileType = sourcecode.swift; path = ViewController.swift; sourceTree = "<group>"; };
		4183E0ED236925B100B3AF81 /* Base */ = {isa = PBXFileReference; lastKnownFileType = file.storyboard; name = Base; path = Base.lproj/Main.storyboard; sourceTree = "<group>"; };
		4183E0EF236925B300B3AF81 /* Assets.xcassets */ = {isa = PBXFileReference; lastKnownFileType = folder.assetcatalog; path = Assets.xcassets; sourceTree = "<group>"; };
		4183E0F2236925B300B3AF81 /* Base */ = {isa = PBXFileReference; lastKnownFileType = file.storyboard; name = Base; path = Base.lproj/LaunchScreen.storyboard; sourceTree = "<group>"; };
		4183E0F4236925B300B3AF81 /* Info.plist */ = {isa = PBXFileReference; lastKnownFileType = text.plist.xml; path = Info.plist; sourceTree = "<group>"; };
		4183E0F9236925B300B3AF81 /* ScaleLikeButtonTests.xctest */ = {isa = PBXFileReference; explicitFileType = wrapper.cfbundle; includeInIndex = 0; path = ScaleLikeButtonTests.xctest; sourceTree = BUILT_PRODUCTS_DIR; };
		4183E0FD236925B300B3AF81 /* ScaleLikeButtonTests.swift */ = {isa = PBXFileReference; lastKnownFileType = sourcecode.swift; path = ScaleLikeButtonTests.swift; sourceTree = "<group>"; };
		4183E0FF236925B300B3AF81 /* Info.plist */ = {isa = PBXFileReference; lastKnownFileType = text.plist.xml; path = Info.plist; sourceTree = "<group>"; };
		4183E104236925B300B3AF81 /* ScaleLikeButtonUITests.xctest */ = {isa = PBXFileReference; explicitFileType = wrapper.cfbundle; includeInIndex = 0; path = ScaleLikeButtonUITests.xctest; sourceTree = BUILT_PRODUCTS_DIR; };
		4183E108236925B300B3AF81 /* ScaleLikeButtonUITests.swift */ = {isa = PBXFileReference; lastKnownFileType = sourcecode.swift; path = ScaleLikeButtonUITests.swift; sourceTree = "<group>"; };
		4183E10A236925B300B3AF81 /* Info.plist */ = {isa = PBXFileReference; lastKnownFileType = text.plist.xml; path = Info.plist; sourceTree = "<group>"; };
		4183E116236939E800B3AF81 /* UIView+Animation.swift */ = {isa = PBXFileReference; lastKnownFileType = sourcecode.swift; path = "UIView+Animation.swift"; sourceTree = "<group>"; };
/* End PBXFileReference section */

/* Begin PBXFrameworksBuildPhase section */
		4183E0E0236925B100B3AF81 /* Frameworks */ = {
			isa = PBXFrameworksBuildPhase;
			buildActionMask = 2147483647;
			files = (
			);
			runOnlyForDeploymentPostprocessing = 0;
		};
		4183E0F6236925B300B3AF81 /* Frameworks */ = {
			isa = PBXFrameworksBuildPhase;
			buildActionMask = 2147483647;
			files = (
			);
			runOnlyForDeploymentPostprocessing = 0;
		};
		4183E101236925B300B3AF81 /* Frameworks */ = {
			isa = PBXFrameworksBuildPhase;
			buildActionMask = 2147483647;
			files = (
			);
			runOnlyForDeploymentPostprocessing = 0;
		};
/* End PBXFrameworksBuildPhase section */

/* Begin PBXGroup section */
		4183E0DA236925B100B3AF81 = {
			isa = PBXGroup;
			children = (
				4183E0E5236925B100B3AF81 /* ScaleLikeButton */,
				4183E0FC236925B300B3AF81 /* ScaleLikeButtonTests */,
				4183E107236925B300B3AF81 /* ScaleLikeButtonUITests */,
				4183E0E4236925B100B3AF81 /* Products */,
			);
			sourceTree = "<group>";
		};
		4183E0E4236925B100B3AF81 /* Products */ = {
			isa = PBXGroup;
			children = (
				4183E0E3236925B100B3AF81 /* ScaleLikeButton.app */,
				4183E0F9236925B300B3AF81 /* ScaleLikeButtonTests.xctest */,
				4183E104236925B300B3AF81 /* ScaleLikeButtonUITests.xctest */,
			);
			name = Products;
			sourceTree = "<group>";
		};
		4183E0E5236925B100B3AF81 /* ScaleLikeButton */ = {
			isa = PBXGroup;
			children = (
				4183E0E6236925B100B3AF81 /* AppDelegate.swift */,
				4183E0E8236925B100B3AF81 /* SceneDelegate.swift */,
				4183E0EA236925B100B3AF81 /* ViewController.swift */,
				4183E0EF236925B300B3AF81 /* Assets.xcassets */,
				4183E0EC236925B100B3AF81 /* Main.storyboard */,
				4183E0F1236925B300B3AF81 /* LaunchScreen.storyboard */,
				4183E0F4236925B300B3AF81 /* Info.plist */,
				4183E116236939E800B3AF81 /* UIView+Animation.swift */,
			);
			path = ScaleLikeButton;
			sourceTree = "<group>";
		};
		4183E0FC236925B300B3AF81 /* ScaleLikeButtonTests */ = {
			isa = PBXGroup;
			children = (
				4183E0FD236925B300B3AF81 /* ScaleLikeButtonTests.swift */,
				4183E0FF236925B300B3AF81 /* Info.plist */,
			);
			path = ScaleLikeButtonTests;
			sourceTree = "<group>";
		};
		4183E107236925B300B3AF81 /* ScaleLikeButtonUITests */ = {
			isa = PBXGroup;
			children = (
				4183E108236925B300B3AF81 /* ScaleLikeButtonUITests.swift */,
				4183E10A236925B300B3AF81 /* Info.plist */,
			);
			path = ScaleLikeButtonUITests;
			sourceTree = "<group>";
		};
/* End PBXGroup section */

/* Begin PBXNativeTarget section */
		4183E0E2236925B100B3AF81 /* ScaleLikeButton */ = {
			isa = PBXNativeTarget;
			buildConfigurationList = 4183E10D236925B300B3AF81 /* Build configuration list for PBXNativeTarget "ScaleLikeButton" */;
			buildPhases = (
				4183E0DF236925B100B3AF81 /* Sources */,
				4183E0E0236925B100B3AF81 /* Frameworks */,
				4183E0E1236925B100B3AF81 /* Resources */,
			);
			buildRules = (
			);
			dependencies = (
			);
			name = ScaleLikeButton;
			productName = ScaleLikeButton;
			productReference = 4183E0E3236925B100B3AF81 /* ScaleLikeButton.app */;
			productType = "com.apple.product-type.application";
		};
		4183E0F8236925B300B3AF81 /* ScaleLikeButtonTests */ = {
			isa = PBXNativeTarget;
			buildConfigurationList = 4183E110236925B300B3AF81 /* Build configuration list for PBXNativeTarget "ScaleLikeButtonTests" */;
			buildPhases = (
				4183E0F5236925B300B3AF81 /* Sources */,
				4183E0F6236925B300B3AF81 /* Frameworks */,
				4183E0F7236925B300B3AF81 /* Resources */,
			);
			buildRules = (
			);
			dependencies = (
				4183E0FB236925B300B3AF81 /* PBXTargetDependency */,
			);
			name = ScaleLikeButtonTests;
			productName = ScaleLikeButtonTests;
			productReference = 4183E0F9236925B300B3AF81 /* ScaleLikeButtonTests.xctest */;
			productType = "com.apple.product-type.bundle.unit-test";
		};
		4183E103236925B300B3AF81 /* ScaleLikeButtonUITests */ = {
			isa = PBXNativeTarget;
			buildConfigurationList = 4183E113236925B300B3AF81 /* Build configuration list for PBXNativeTarget "ScaleLikeButtonUITests" */;
			buildPhases = (
				4183E100236925B300B3AF81 /* Sources */,
				4183E101236925B300B3AF81 /* Frameworks */,
				4183E102236925B300B3AF81 /* Resources */,
			);
			buildRules = (
			);
			dependencies = (
				4183E106236925B300B3AF81 /* PBXTargetDependency */,
			);
			name = ScaleLikeButtonUITests;
			productName = ScaleLikeButtonUITests;
			productReference = 4183E104236925B300B3AF81 /* ScaleLikeButtonUITests.xctest */;
			productType = "com.apple.product-type.bundle.ui-testing";
		};
/* End PBXNativeTarget section */

/* Begin PBXProject section */
		4183E0DB236925B100B3AF81 /* Project object */ = {
			isa = PBXProject;
			attributes = {
				LastSwiftUpdateCheck = 1110;
				LastUpgradeCheck = 1110;
				ORGANIZATIONNAME = zhongzj;
				TargetAttributes = {
					4183E0E2236925B100B3AF81 = {
						CreatedOnToolsVersion = 11.1;
					};
					4183E0F8236925B300B3AF81 = {
						CreatedOnToolsVersion = 11.1;
						TestTargetID = 4183E0E2236925B100B3AF81;
					};
					4183E103236925B300B3AF81 = {
						CreatedOnToolsVersion = 11.1;
						TestTargetID = 4183E0E2236925B100B3AF81;
					};
				};
			};
			buildConfigurationList = 4183E0DE236925B100B3AF81 /* Build configuration list for PBXProject "ScaleLikeButton" */;
			compatibilityVersion = "Xcode 9.3";
			developmentRegion = en;
			hasScannedForEncodings = 0;
			knownRegions = (
				en,
				Base,
			);
			mainGroup = 4183E0DA236925B100B3AF81;
			productRefGroup = 4183E0E4236925B100B3AF81 /* Products */;
			projectDirPath = "";
			projectRoot = "";
			targets = (
				4183E0E2236925B100B3AF81 /* ScaleLikeButton */,
				4183E0F8236925B300B3AF81 /* ScaleLikeButtonTests */,
				4183E103236925B300B3AF81 /* ScaleLikeButtonUITests */,
			);
		};
/* End PBXProject section */

/* Begin PBXResourcesBuildPhase section */
		4183E0E1236925B100B3AF81 /* Resources */ = {
			isa = PBXResourcesBuildPhase;
			buildActionMask = 2147483647;
			files = (
				4183E0F3236925B300B3AF81 /* LaunchScreen.storyboard in Resources */,
				4183E0F0236925B300B3AF81 /* Assets.xcassets in Resources */,
				4183E0EE236925B100B3AF81 /* Main.storyboard in Resources */,
			);
			runOnlyForDeploymentPostprocessing = 0;
		};
		4183E0F7236925B300B3AF81 /* Resources */ = {
			isa = PBXResourcesBuildPhase;
			buildActionMask = 2147483647;
			files = (
			);
			runOnlyForDeploymentPostprocessing = 0;
		};
		4183E102236925B300B3AF81 /* Resources */ = {
			isa = PBXResourcesBuildPhase;
			buildActionMask = 2147483647;
			files = (
			);
			runOnlyForDeploymentPostprocessing = 0;
		};
/* End PBXResourcesBuildPhase section */

/* Begin PBXSourcesBuildPhase section */
		4183E0DF236925B100B3AF81 /* Sources */ = {
			isa = PBXSourcesBuildPhase;
			buildActionMask = 2147483647;
			files = (
				4183E0EB236925B100B3AF81 /* ViewController.swift in Sources */,
				4183E117236939E800B3AF81 /* UIView+Animation.swift in Sources */,
				4183E0E7236925B100B3AF81 /* AppDelegate.swift in Sources */,
				4183E0E9236925B100B3AF81 /* SceneDelegate.swift in Sources */,
			);
			runOnlyForDeploymentPostprocessing = 0;
		};
		4183E0F5236925B300B3AF81 /* Sources */ = {
			isa = PBXSourcesBuildPhase;
			buildActionMask = 2147483647;
			files = (
				4183E0FE236925B300B3AF81 /* ScaleLikeButtonTests.swift in Sources */,
			);
			runOnlyForDeploymentPostprocessing = 0;
		};
		4183E100236925B300B3AF81 /* Sources */ = {
			isa = PBXSourcesBuildPhase;
			buildActionMask = 2147483647;
			files = (
				4183E109236925B300B3AF81 /* ScaleLikeButtonUITests.swift in Sources */,
			);
			runOnlyForDeploymentPostprocessing = 0;
		};
/* End PBXSourcesBuildPhase section */

/* Begin PBXTargetDependency section */
		4183E0FB236925B300B3AF81 /* PBXTargetDependency */ = {
			isa = PBXTargetDependency;
			target = 4183E0E2236925B100B3AF81 /* ScaleLikeButton */;
			targetProxy = 4183E0FA236925B300B3AF81 /* PBXContainerItemProxy */;
		};
		4183E106236925B300B3AF81 /* PBXTargetDependency */ = {
			isa = PBXTargetDependency;
			target = 4183E0E2236925B100B3AF81 /* ScaleLikeButton */;
			targetProxy = 4183E105236925B300B3AF81 /* PBXContainerItemProxy */;
		};
/* End PBXTargetDependency section */

/* Begin PBXVariantGroup section */
		4183E0EC236925B100B3AF81 /* Main.storyboard */ = {
			isa = PBXVariantGroup;
			children = (
				4183E0ED236925B100B3AF81 /* Base */,
			);
			name = Main.storyboard;
			sourceTree = "<group>";
		};
		4183E0F1236925B300B3AF81 /* LaunchScreen.storyboard */ = {
			isa = PBXVariantGroup;
			children = (
				4183E0F2236925B300B3AF81 /* Base */,
			);
			name = LaunchScreen.storyboard;
			sourceTree = "<group>";
		};
/* End PBXVariantGroup section */

/* Begin XCBuildConfiguration section */
		4183E10B236925B300B3AF81 /* Debug */ = {
			isa = XCBuildConfiguration;
			buildSettings = {
				ALWAYS_SEARCH_USER_PATHS = NO;
				CLANG_ANALYZER_NONNULL = YES;
				CLANG_ANALYZER_NUMBER_OBJECT_CONVERSION = YES_AGGRESSIVE;
				CLANG_CXX_LANGUAGE_STANDARD = "gnu++14";
				CLANG_CXX_LIBRARY = "libc++";
				CLANG_ENABLE_MODULES = YES;
				CLANG_ENABLE_OBJC_ARC = YES;
				CLANG_ENABLE_OBJC_WEAK = YES;
				CLANG_WARN_BLOCK_CAPTURE_AUTORELEASING = YES;
				CLANG_WARN_BOOL_CONVERSION = YES;
				CLANG_WARN_COMMA = YES;
				CLANG_WARN_CONSTANT_CONVERSION = YES;
				CLANG_WARN_DEPRECATED_OBJC_IMPLEMENTATIONS = YES;
				CLANG_WARN_DIRECT_OBJC_ISA_USAGE = YES_ERROR;
				CLANG_WARN_DOCUMENTATION_COMMENTS = YES;
				CLANG_WARN_EMPTY_BODY = YES;
				CLANG_WARN_ENUM_CONVERSION = YES;
				CLANG_WARN_INFINITE_RECURSION = YES;
				CLANG_WARN_INT_CONVERSION = YES;
				CLANG_WARN_NON_LITERAL_NULL_CONVERSION = YES;
				CLANG_WARN_OBJC_IMPLICIT_RETAIN_SELF = YES;
				CLANG_WARN_OBJC_LITERAL_CONVERSION = YES;
				CLANG_WARN_OBJC_ROOT_CLASS = YES_ERROR;
				CLANG_WARN_RANGE_LOOP_ANALYSIS = YES;
				CLANG_WARN_STRICT_PROTOTYPES = YES;
				CLANG_WARN_SUSPICIOUS_MOVE = YES;
				CLANG_WARN_UNGUARDED_AVAILABILITY = YES_AGGRESSIVE;
				CLANG_WARN_UNREACHABLE_CODE = YES;
				CLANG_WARN__DUPLICATE_METHOD_MATCH = YES;
				COPY_PHASE_STRIP = NO;
				DEBUG_INFORMATION_FORMAT = dwarf;
				ENABLE_STRICT_OBJC_MSGSEND = YES;
				ENABLE_TESTABILITY = YES;
				GCC_C_LANGUAGE_STANDARD = gnu11;
				GCC_DYNAMIC_NO_PIC = NO;
				GCC_NO_COMMON_BLOCKS = YES;
				GCC_OPTIMIZATION_LEVEL = 0;
				GCC_PREPROCESSOR_DEFINITIONS = (
					"DEBUG=1",
					"$(inherited)",
				);
				GCC_WARN_64_TO_32_BIT_CONVERSION = YES;
				GCC_WARN_ABOUT_RETURN_TYPE = YES_ERROR;
				GCC_WARN_UNDECLARED_SELECTOR = YES;
				GCC_WARN_UNINITIALIZED_AUTOS = YES_AGGRESSIVE;
				GCC_WARN_UNUSED_FUNCTION = YES;
				GCC_WARN_UNUSED_VARIABLE = YES;
				IPHONEOS_DEPLOYMENT_TARGET = 13.1;
				MTL_ENABLE_DEBUG_INFO = INCLUDE_SOURCE;
				MTL_FAST_MATH = YES;
				ONLY_ACTIVE_ARCH = YES;
				SDKROOT = iphoneos;
				SWIFT_ACTIVE_COMPILATION_CONDITIONS = DEBUG;
				SWIFT_OPTIMIZATION_LEVEL = "-Onone";
			};
			name = Debug;
		};
		4183E10C236925B300B3AF81 /* Release */ = {
			isa = XCBuildConfiguration;
			buildSettings = {
				ALWAYS_SEARCH_USER_PATHS = NO;
				CLANG_ANALYZER_NONNULL = YES;
				CLANG_ANALYZER_NUMBER_OBJECT_CONVERSION = YES_AGGRESSIVE;
				CLANG_CXX_LANGUAGE_STANDARD = "gnu++14";
				CLANG_CXX_LIBRARY = "libc++";
				CLANG_ENABLE_MODULES = YES;
				CLANG_ENABLE_OBJC_ARC = YES;
				CLANG_ENABLE_OBJC_WEAK = YES;
				CLANG_WARN_BLOCK_CAPTURE_AUTORELEASING = YES;
				CLANG_WARN_BOOL_CONVERSION = YES;
				CLANG_WARN_COMMA = YES;
				CLANG_WARN_CONSTANT_CONVERSION = YES;
				CLANG_WARN_DEPRECATED_OBJC_IMPLEMENTATIONS = YES;
				CLANG_WARN_DIRECT_OBJC_ISA_USAGE = YES_ERROR;
				CLANG_WARN_DOCUMENTATION_COMMENTS = YES;
				CLANG_WARN_EMPTY_BODY = YES;
				CLANG_WARN_ENUM_CONVERSION = YES;
				CLANG_WARN_INFINITE_RECURSION = YES;
				CLANG_WARN_INT_CONVERSION = YES;
				CLANG_WARN_NON_LITERAL_NULL_CONVERSION = YES;
				CLANG_WARN_OBJC_IMPLICIT_RETAIN_SELF = YES;
				CLANG_WARN_OBJC_LITERAL_CONVERSION = YES;
				CLANG_WARN_OBJC_ROOT_CLASS = YES_ERROR;
				CLANG_WARN_RANGE_LOOP_ANALYSIS = YES;
				CLANG_WARN_STRICT_PROTOTYPES = YES;
				CLANG_WARN_SUSPICIOUS_MOVE = YES;
				CLANG_WARN_UNGUARDED_AVAILABILITY = YES_AGGRESSIVE;
				CLANG_WARN_UNREACHABLE_CODE = YES;
				CLANG_WARN__DUPLICATE_METHOD_MATCH = YES;
				COPY_PHASE_STRIP = NO;
				DEBUG_INFORMATION_FORMAT = "dwarf-with-dsym";
				ENABLE_NS_ASSERTIONS = NO;
				ENABLE_STRICT_OBJC_MSGSEND = YES;
				GCC_C_LANGUAGE_STANDARD = gnu11;
				GCC_NO_COMMON_BLOCKS = YES;
				GCC_WARN_64_TO_32_BIT_CONVERSION = YES;
				GCC_WARN_ABOUT_RETURN_TYPE = YES_ERROR;
				GCC_WARN_UNDECLARED_SELECTOR = YES;
				GCC_WARN_UNINITIALIZED_AUTOS = YES_AGGRESSIVE;
				GCC_WARN_UNUSED_FUNCTION = YES;
				GCC_WARN_UNUSED_VARIABLE = YES;
				IPHONEOS_DEPLOYMENT_TARGET = 13.1;
				MTL_ENABLE_DEBUG_INFO = NO;
				MTL_FAST_MATH = YES;
				SDKROOT = iphoneos;
				SWIFT_COMPILATION_MODE = wholemodule;
				SWIFT_OPTIMIZATION_LEVEL = "-O";
				VALIDATE_PRODUCT = YES;
			};
			name = Release;
		};
		4183E10E236925B300B3AF81 /* Debug */ = {
			isa = XCBuildConfiguration;
			buildSettings = {
				ASSETCATALOG_COMPILER_APPICON_NAME = AppIcon;
				CODE_SIGN_STYLE = Automatic;
				INFOPLIST_FILE = ScaleLikeButton/Info.plist;
				LD_RUNPATH_SEARCH_PATHS = (
					"$(inherited)",
					"@executable_path/Frameworks",
				);
				PRODUCT_BUNDLE_IDENTIFIER = com.gasgoo.ScaleLikeButton;
				PRODUCT_NAME = "$(TARGET_NAME)";
				SWIFT_VERSION = 5.0;
				TARGETED_DEVICE_FAMILY = "1,2";
			};
			name = Debug;
		};
		4183E10F236925B300B3AF81 /* Release */ = {
			isa = XCBuildConfiguration;
			buildSettings = {
				ASSETCATALOG_COMPILER_APPICON_NAME = AppIcon;
				CODE_SIGN_STYLE = Automatic;
				INFOPLIST_FILE = ScaleLikeButton/Info.plist;
				LD_RUNPATH_SEARCH_PATHS = (
					"$(inherited)",
					"@executable_path/Frameworks",
				);
				PRODUCT_BUNDLE_IDENTIFIER = com.gasgoo.ScaleLikeButton;
				PRODUCT_NAME = "$(TARGET_NAME)";
				SWIFT_VERSION = 5.0;
				TARGETED_DEVICE_FAMILY = "1,2";
			};
			name = Release;
		};
		4183E111236925B300B3AF81 /* Debug */ = {
			isa = XCBuildConfiguration;
			buildSettings = {
				ALWAYS_EMBED_SWIFT_STANDARD_LIBRARIES = YES;
				BUNDLE_LOADER = "$(TEST_HOST)";
				CODE_SIGN_STYLE = Automatic;
				INFOPLIST_FILE = ScaleLikeButtonTests/Info.plist;
				IPHONEOS_DEPLOYMENT_TARGET = 13.1;
				LD_RUNPATH_SEARCH_PATHS = (
					"$(inherited)",
					"@executable_path/Frameworks",
					"@loader_path/Frameworks",
				);
				PRODUCT_BUNDLE_IDENTIFIER = com.gasgoo.ScaleLikeButtonTests;
				PRODUCT_NAME = "$(TARGET_NAME)";
				SWIFT_VERSION = 5.0;
				TARGETED_DEVICE_FAMILY = "1,2";
				TEST_HOST = "$(BUILT_PRODUCTS_DIR)/ScaleLikeButton.app/ScaleLikeButton";
			};
			name = Debug;
		};
		4183E112236925B300B3AF81 /* Release */ = {
			isa = XCBuildConfiguration;
			buildSettings = {
				ALWAYS_EMBED_SWIFT_STANDARD_LIBRARIES = YES;
				BUNDLE_LOADER = "$(TEST_HOST)";
				CODE_SIGN_STYLE = Automatic;
				INFOPLIST_FILE = ScaleLikeButtonTests/Info.plist;
				IPHONEOS_DEPLOYMENT_TARGET = 13.1;
				LD_RUNPATH_SEARCH_PATHS = (
					"$(inherited)",
					"@executable_path/Frameworks",
					"@loader_path/Frameworks",
				);
				PRODUCT_BUNDLE_IDENTIFIER = com.gasgoo.ScaleLikeButtonTests;
				PRODUCT_NAME = "$(TARGET_NAME)";
				SWIFT_VERSION = 5.0;
				TARGETED_DEVICE_FAMILY = "1,2";
				TEST_HOST = "$(BUILT_PRODUCTS_DIR)/ScaleLikeButton.app/ScaleLikeButton";
			};
			name = Release;
		};
		4183E114236925B300B3AF81 /* Debug */ = {
			isa = XCBuildConfiguration;
			buildSettings = {
				ALWAYS_EMBED_SWIFT_STANDARD_LIBRARIES = YES;
				CODE_SIGN_STYLE = Automatic;
				INFOPLIST_FILE = ScaleLikeButtonUITests/Info.plist;
				LD_RUNPATH_SEARCH_PATHS = (
					"$(inherited)",
					"@executable_path/Frameworks",
					"@loader_path/Frameworks",
				);
				PRODUCT_BUNDLE_IDENTIFIER = com.gasgoo.ScaleLikeButtonUITests;
				PRODUCT_NAME = "$(TARGET_NAME)";
				SWIFT_VERSION = 5.0;
				TARGETED_DEVICE_FAMILY = "1,2";
				TEST_TARGET_NAME = ScaleLikeButton;
			};
			name = Debug;
		};
		4183E115236925B300B3AF81 /* Release */ = {
			isa = XCBuildConfiguration;
			buildSettings = {
				ALWAYS_EMBED_SWIFT_STANDARD_LIBRARIES = YES;
				CODE_SIGN_STYLE = Automatic;
				INFOPLIST_FILE = ScaleLikeButtonUITests/Info.plist;
				LD_RUNPATH_SEARCH_PATHS = (
					"$(inherited)",
					"@executable_path/Frameworks",
					"@loader_path/Frameworks",
				);
				PRODUCT_BUNDLE_IDENTIFIER = com.gasgoo.ScaleLikeButtonUITests;
				PRODUCT_NAME = "$(TARGET_NAME)";
				SWIFT_VERSION = 5.0;
				TARGETED_DEVICE_FAMILY = "1,2";
				TEST_TARGET_NAME = ScaleLikeButton;
			};
			name = Release;
		};
/* End XCBuildConfiguration section */

/* Begin XCConfigurationList section */
		4183E0DE236925B100B3AF81 /* Build configuration list for PBXProject "ScaleLikeButton" */ = {
			isa = XCConfigurationList;
			buildConfigurations = (
				4183E10B236925B300B3AF81 /* Debug */,
				4183E10C236925B300B3AF81 /* Release */,
			);
			defaultConfigurationIsVisible = 0;
			defaultConfigurationName = Release;
		};
		4183E10D236925B300B3AF81 /* Build configuration list for PBXNativeTarget "ScaleLikeButton" */ = {
			isa = XCConfigurationList;
			buildConfigurations = (
				4183E10E236925B300B3AF81 /* Debug */,
				4183E10F236925B300B3AF81 /* Release */,
			);
			defaultConfigurationIsVisible = 0;
			defaultConfigurationName = Release;
		};
		4183E110236925B300B3AF81 /* Build configuration list for PBXNativeTarget "ScaleLikeButtonTests" */ = {
			isa = XCConfigurationList;
			buildConfigurations = (
				4183E111236925B300B3AF81 /* Debug */,
				4183E112236925B300B3AF81 /* Release */,
			);
			defaultConfigurationIsVisible = 0;
			defaultConfigurationName = Release;
		};
		4183E113236925B300B3AF81 /* Build configuration list for PBXNativeTarget "ScaleLikeButtonUITests" */ = {
			isa = XCConfigurationList;
			buildConfigurations = (
				4183E114236925B300B3AF81 /* Debug */,
				4183E115236925B300B3AF81 /* Release */,
			);
			defaultConfigurationIsVisible = 0;
			defaultConfigurationName = Release;
		};
/* End XCConfigurationList section */
	};
	rootObject = 4183E0DB236925B100B3AF81 /* Project object */;
}
